
Microsoft Visual Studio Solution File, Format Version 12.00
# Visual Studio 15
VisualStudioVersion = 15.0.28307.645
MinimumVisualStudioVersion = 10.0.40219.1
Project("{FAE04EC0-301F-11D3-BF4B-00C04F79EFBC}") = "TestDataMapper", "TestDataMapper\TestDataMapper.csproj", "{D3050D60-BA7B-438D-93E2-F93018733A0E}"
EndProject
Global
	GlobalSection(SolutionConfigurationPlatforms) = preSolution
		Debug|Any CPU = Debug|Any CPU
		Release|Any CPU = Release|Any CPU
	EndGlobalSection
	GlobalSection(ProjectConfigurationPlatforms) = postSolution
		{D3050D60-BA7B-438D-93E2-F93018733A0E}.Debug|Any CPU.ActiveCfg = Debug|Any CPU
		{D3050D60-BA7B-438D-93E2-F93018733A0E}.Debug|Any CPU.Build.0 = Debug|Any CPU
		{D3050D60-BA7B-438D-93E2-F93018733A0E}.Release|Any CPU.ActiveCfg = Release|Any CPU
		{D3050D60-BA7B-438D-93E2-F93018733A0E}.Release|Any CPU.Build.0 = Release|Any CPU
	EndGlobalSection
	GlobalSection(SolutionProperties) = preSolution
		HideSolutionNode = FALSE
	EndGlobalSection
	GlobalSection(ExtensibilityGlobals) = postSolution
		SolutionGuid = {7C1B40E2-FCE4-4A00-8CAB-DC005AAD6727}
	EndGlobalSection
EndGlobal
